# This file is automatically @generated by Cargo.
# It is not intended for manual editing.
version = 4

[[package]]
name = "siralos-adapters"
version = "0.0.0"
dependencies = [
 "siralos-core",
]

[[package]]
name = "siralos-cli"
version = "0.0.0"
dependencies = [
 "siralos-adapters",
 "siralos-core",
]

[[package]]
name = "siralos-core"
version = "0.0.0"
